// !$*UTF8*$!
{
	archiveVersion = 1;
	classes = {
	};
	objectVersion = 46;
	objects = {

/* Begin PBXBuildFile section */
		4697BB481C2FF3AC007FD167 /* main.swift in Sources */ = {isa = PBXBuildFile; fileRef = 4697BB471C2FF3AC007FD167 /* main.swift */; };
		46A92DFE1C37F47B005F7A41 /* Parser.swift in Sources */ = {isa = PBXBuildFile; fileRef = 46A92DFD1C37F47B005F7A41 /* Parser.swift */; };
		46A92E131C39AD78005F7A41 /* Driver.swift in Sources */ = {isa = PBXBuildFile; fileRef = 46A92E121C39AD78005F7A41 /* Driver.swift */; };
		46A92E151C39CAAE005F7A41 /* CodeGen.swift in Sources */ = {isa = PBXBuildFile; fileRef = 46A92E141C39CAAE005F7A41 /* CodeGen.swift */; };
		46A92E2A1C3B1082005F7A41 /* JIT.swift in Sources */ = {isa = PBXBuildFile; fileRef = 46A92E291C3B1082005F7A41 /* JIT.swift */; };
		46F89DB51C2FF44B00DC1787 /* ASCIICharacters.swift in Sources */ = {isa = PBXBuildFile; fileRef = 46F89DB41C2FF44B00DC1787 /* ASCIICharacters.swift */; };
		46F89DB71C2FF92C00DC1787 /* Lexer.swift in Sources */ = {isa = PBXBuildFile; fileRef = 46F89DB61C2FF92C00DC1787 /* Lexer.swift */; };
/* End PBXBuildFile section */

/* Begin PBXCopyFilesBuildPhase section */
		4697BB421C2FF3AC007FD167 /* CopyFiles */ = {
			isa = PBXCopyFilesBuildPhase;
			buildActionMask = 2147483647;
			dstPath = /usr/share/man/man1/;
			dstSubfolderSpec = 0;
			files = (
			);
			runOnlyForDeploymentPostprocessing = 1;
		};
/* End PBXCopyFilesBuildPhase section */

/* Begin PBXFileReference section */
		4697BB441C2FF3AC007FD167 /* SwiftKaleidoscope */ = {isa = PBXFileReference; explicitFileType = "compiled.mach-o.executable"; includeInIndex = 0; path = SwiftKaleidoscope; sourceTree = BUILT_PRODUCTS_DIR; };
		4697BB471C2FF3AC007FD167 /* main.swift */ = {isa = PBXFileReference; lastKnownFileType = sourcecode.swift; path = main.swift; sourceTree = "<group>"; };
		46A92DFD1C37F47B005F7A41 /* Parser.swift */ = {isa = PBXFileReference; fileEncoding = 4; lastKnownFileType = sourcecode.swift; path = Parser.swift; sourceTree = "<group>"; };
		46A92E121C39AD78005F7A41 /* Driver.swift */ = {isa = PBXFileReference; fileEncoding = 4; lastKnownFileType = sourcecode.swift; path = Driver.swift; sourceTree = "<group>"; };
		46A92E141C39CAAE005F7A41 /* CodeGen.swift */ = {isa = PBXFileReference; fileEncoding = 4; lastKnownFileType = sourcecode.swift; path = CodeGen.swift; sourceTree = "<group>"; };
		46A92E291C3B1082005F7A41 /* JIT.swift */ = {isa = PBXFileReference; fileEncoding = 4; lastKnownFileType = sourcecode.swift; path = JIT.swift; sourceTree = "<group>"; };
		46F89DB41C2FF44B00DC1787 /* ASCIICharacters.swift */ = {isa = PBXFileReference; fileEncoding = 4; lastKnownFileType = sourcecode.swift; path = ASCIICharacters.swift; sourceTree = "<group>"; };
		46F89DB61C2FF92C00DC1787 /* Lexer.swift */ = {isa = PBXFileReference; fileEncoding = 4; lastKnownFileType = sourcecode.swift; path = Lexer.swift; sourceTree = "<group>"; };
/* End PBXFileReference section */

/* Begin PBXFrameworksBuildPhase section */
		4697BB411C2FF3AC007FD167 /* Frameworks */ = {
			isa = PBXFrameworksBuildPhase;
			buildActionMask = 2147483647;
			files = (
			);
			runOnlyForDeploymentPostprocessing = 0;
		};
/* End PBXFrameworksBuildPhase section */

/* Begin PBXGroup section */
		4697BB3B1C2FF3AC007FD167 = {
			isa = PBXGroup;
			children = (
				4697BB461C2FF3AC007FD167 /* SwiftKaleidoscope */,
				4697BB451C2FF3AC007FD167 /* Products */,
			);
			sourceTree = "<group>";
		};
		4697BB451C2FF3AC007FD167 /* Products */ = {
			isa = PBXGroup;
			children = (
				4697BB441C2FF3AC007FD167 /* SwiftKaleidoscope */,
			);
			name = Products;
			sourceTree = "<group>";
		};
		4697BB461C2FF3AC007FD167 /* SwiftKaleidoscope */ = {
			isa = PBXGroup;
			children = (
				4697BB471C2FF3AC007FD167 /* main.swift */,
				46F89DB41C2FF44B00DC1787 /* ASCIICharacters.swift */,
				46F89DB61C2FF92C00DC1787 /* Lexer.swift */,
				46A92DFD1C37F47B005F7A41 /* Parser.swift */,
				46A92E121C39AD78005F7A41 /* Driver.swift */,
				46A92E141C39CAAE005F7A41 /* CodeGen.swift */,
				46A92E291C3B1082005F7A41 /* JIT.swift */,
			);
			path = SwiftKaleidoscope;
			sourceTree = "<group>";
		};
/* End PBXGroup section */

/* Begin PBXNativeTarget section */
		4697BB431C2FF3AC007FD167 /* SwiftKaleidoscope */ = {
			isa = PBXNativeTarget;
			buildConfigurationList = 4697BB4B1C2FF3AC007FD167 /* Build configuration list for PBXNativeTarget "SwiftKaleidoscope" */;
			buildPhases = (
				4697BB401C2FF3AC007FD167 /* Sources */,
				4697BB411C2FF3AC007FD167 /* Frameworks */,
				4697BB421C2FF3AC007FD167 /* CopyFiles */,
			);
			buildRules = (
			);
			dependencies = (
			);
			name = SwiftKaleidoscope;
			productName = SwiftKaleidoscope;
			productReference = 4697BB441C2FF3AC007FD167 /* SwiftKaleidoscope */;
			productType = "com.apple.product-type.tool";
		};
/* End PBXNativeTarget section */

/* Begin PBXProject section */
		4697BB3C1C2FF3AC007FD167 /* Project object */ = {
			isa = PBXProject;
			attributes = {
				LastSwiftUpdateCheck = 0720;
				LastUpgradeCheck = 0720;
				ORGANIZATIONNAME = lowlevelbits;
				TargetAttributes = {
					4697BB431C2FF3AC007FD167 = {
						CreatedOnToolsVersion = 7.2;
					};
				};
			};
			buildConfigurationList = 4697BB3F1C2FF3AC007FD167 /* Build configuration list for PBXProject "SwiftKaleidoscope" */;
			compatibilityVersion = "Xcode 3.2";
			developmentRegion = English;
			hasScannedForEncodings = 0;
			knownRegions = (
				en,
			);
			mainGroup = 4697BB3B1C2FF3AC007FD167;
			productRefGroup = 4697BB451C2FF3AC007FD167 /* Products */;
			projectDirPath = "";
			projectRoot = "";
			targets = (
				4697BB431C2FF3AC007FD167 /* SwiftKaleidoscope */,
			);
		};
/* End PBXProject section */

/* Begin PBXSourcesBuildPhase section */
		4697BB401C2FF3AC007FD167 /* Sources */ = {
			isa = PBXSourcesBuildPhase;
			buildActionMask = 2147483647;
			files = (
				46A92E131C39AD78005F7A41 /* Driver.swift in Sources */,
				46A92E151C39CAAE005F7A41 /* CodeGen.swift in Sources */,
				46A92E2A1C3B1082005F7A41 /* JIT.swift in Sources */,
				46A92DFE1C37F47B005F7A41 /* Parser.swift in Sources */,
				4697BB481C2FF3AC007FD167 /* main.swift in Sources */,
				46F89DB71C2FF92C00DC1787 /* Lexer.swift in Sources */,
				46F89DB51C2FF44B00DC1787 /* ASCIICharacters.swift in Sources */,
			);
			runOnlyForDeploymentPostprocessing = 0;
		};
/* End PBXSourcesBuildPhase section */

/* Begin XCBuildConfiguration section */
		4697BB491C2FF3AC007FD167 /* Debug */ = {
			isa = XCBuildConfiguration;
			buildSettings = {
				ALWAYS_SEARCH_USER_PATHS = NO;
				CLANG_CXX_LANGUAGE_STANDARD = "gnu++0x";
				CLANG_CXX_LIBRARY = "libc++";
				CLANG_ENABLE_MODULES = YES;
				CLANG_ENABLE_OBJC_ARC = YES;
				CLANG_WARN_BOOL_CONVERSION = YES;
				CLANG_WARN_CONSTANT_CONVERSION = YES;
				CLANG_WARN_DIRECT_OBJC_ISA_USAGE = YES_ERROR;
				CLANG_WARN_EMPTY_BODY = YES;
				CLANG_WARN_ENUM_CONVERSION = YES;
				CLANG_WARN_INT_CONVERSION = YES;
				CLANG_WARN_OBJC_ROOT_CLASS = YES_ERROR;
				CLANG_WARN_UNREACHABLE_CODE = YES;
				CLANG_WARN__DUPLICATE_METHOD_MATCH = YES;
				CODE_SIGN_IDENTITY = "-";
				COPY_PHASE_STRIP = NO;
				DEBUG_INFORMATION_FORMAT = dwarf;
				ENABLE_STRICT_OBJC_MSGSEND = YES;
				ENABLE_TESTABILITY = YES;
				GCC_C_LANGUAGE_STANDARD = gnu99;
				GCC_DYNAMIC_NO_PIC = NO;
				GCC_NO_COMMON_BLOCKS = YES;
				GCC_OPTIMIZATION_LEVEL = 0;
				GCC_PREPROCESSOR_DEFINITIONS = (
					"DEBUG=1",
					"$(inherited)",
				);
				GCC_WARN_64_TO_32_BIT_CONVERSION = YES;
				GCC_WARN_ABOUT_RETURN_TYPE = YES_ERROR;
				GCC_WARN_UNDECLARED_SELECTOR = YES;
				GCC_WARN_UNINITIALIZED_AUTOS = YES_AGGRESSIVE;
				GCC_WARN_UNUSED_FUNCTION = YES;
				GCC_WARN_UNUSED_VARIABLE = YES;
				LLVM_BUILD_DIR = /Users/alexdenisov/Projects/LLVM/build_static;
				LLVM_LIBS = "-lLLVMX86Disassembler -lLLVMX86AsmParser -lLLVMX86CodeGen -lLLVMSelectionDAG -lLLVMAsmPrinter -lLLVMCodeGen -lLLVMScalarOpts -lLLVMInstCombine -lLLVMInstrumentation -lLLVMProfileData -lLLVMTransformUtils -lLLVMBitWriter -lLLVMX86Desc -lLLVMMCDisassembler -lLLVMX86Info -lLLVMX86AsmPrinter -lLLVMX86Utils -lLLVMMCJIT -lLLVMExecutionEngine -lLLVMTarget -lLLVMAnalysis -lLLVMRuntimeDyld -lLLVMObject -lLLVMMCParser -lLLVMBitReader -lLLVMMC -lLLVMCore -lLLVMSupport";
				LLVM_SOURCE_DIR = /Users/alexdenisov/Projects/LLVM/llvm;
				MACOSX_DEPLOYMENT_TARGET = 10.11;
				ONLY_ACTIVE_ARCH = YES;
				SDKROOT = macosx;
				SWIFT_OPTIMIZATION_LEVEL = "-Onone";
			};
			name = Debug;
		};
		4697BB4A1C2FF3AC007FD167 /* Release */ = {
			isa = XCBuildConfiguration;
			buildSettings = {
				ALWAYS_SEARCH_USER_PATHS = NO;
				CLANG_CXX_LANGUAGE_STANDARD = "gnu++0x";
				CLANG_CXX_LIBRARY = "libc++";
				CLANG_ENABLE_MODULES = YES;
				CLANG_ENABLE_OBJC_ARC = YES;
				CLANG_WARN_BOOL_CONVERSION = YES;
				CLANG_WARN_CONSTANT_CONVERSION = YES;
				CLANG_WARN_DIRECT_OBJC_ISA_USAGE = YES_ERROR;
				CLANG_WARN_EMPTY_BODY = YES;
				CLANG_WARN_ENUM_CONVERSION = YES;
				CLANG_WARN_INT_CONVERSION = YES;
				CLANG_WARN_OBJC_ROOT_CLASS = YES_ERROR;
				CLANG_WARN_UNREACHABLE_CODE = YES;
				CLANG_WARN__DUPLICATE_METHOD_MATCH = YES;
				CODE_SIGN_IDENTITY = "-";
				COPY_PHASE_STRIP = NO;
				DEBUG_INFORMATION_FORMAT = "dwarf-with-dsym";
				ENABLE_NS_ASSERTIONS = NO;
				ENABLE_STRICT_OBJC_MSGSEND = YES;
				GCC_C_LANGUAGE_STANDARD = gnu99;
				GCC_NO_COMMON_BLOCKS = YES;
				GCC_WARN_64_TO_32_BIT_CONVERSION = YES;
				GCC_WARN_ABOUT_RETURN_TYPE = YES_ERROR;
				GCC_WARN_UNDECLARED_SELECTOR = YES;
				GCC_WARN_UNINITIALIZED_AUTOS = YES_AGGRESSIVE;
				GCC_WARN_UNUSED_FUNCTION = YES;
				GCC_WARN_UNUSED_VARIABLE = YES;
				LLVM_BUILD_DIR = /Users/alexdenisov/Projects/LLVM/build_static;
				LLVM_LIBS = "-lLLVMX86Disassembler -lLLVMX86AsmParser -lLLVMX86CodeGen -lLLVMSelectionDAG -lLLVMAsmPrinter -lLLVMCodeGen -lLLVMScalarOpts -lLLVMInstCombine -lLLVMInstrumentation -lLLVMProfileData -lLLVMTransformUtils -lLLVMBitWriter -lLLVMX86Desc -lLLVMMCDisassembler -lLLVMX86Info -lLLVMX86AsmPrinter -lLLVMX86Utils -lLLVMMCJIT -lLLVMExecutionEngine -lLLVMTarget -lLLVMAnalysis -lLLVMRuntimeDyld -lLLVMObject -lLLVMMCParser -lLLVMBitReader -lLLVMMC -lLLVMCore -lLLVMSupport";
				LLVM_SOURCE_DIR = /Users/alexdenisov/Projects/LLVM/llvm;
				MACOSX_DEPLOYMENT_TARGET = 10.11;
				SDKROOT = macosx;
			};
			name = Release;
		};
		4697BB4C1C2FF3AC007FD167 /* Debug */ = {
			isa = XCBuildConfiguration;
			buildSettings = {
				GCC_PREPROCESSOR_DEFINITIONS = (
					"DEBUG=1",
					"$(inherited)",
					__STDC_LIMIT_MACROS,
					__STDC_CONSTANT_MACROS,
				);
				LIBRARY_SEARCH_PATHS = "$(LLVM_BUILD_DIR)/lib";
				OTHER_LDFLAGS = (
					"$(LLVM_LIBS)",
					"-lz",
					"-ltermcap",
				);
				PRODUCT_NAME = "$(TARGET_NAME)";
				USER_HEADER_SEARCH_PATHS = "$(LLVM_BUILD_DIR)/include $(LLVM_SOURCE_DIR)/include";
			};
			name = Debug;
		};
		4697BB4D1C2FF3AC007FD167 /* Release */ = {
			isa = XCBuildConfiguration;
			buildSettings = {
				GCC_PREPROCESSOR_DEFINITIONS = (
					__STDC_LIMIT_MACROS,
					__STDC_CONSTANT_MACROS,
				);
				LIBRARY_SEARCH_PATHS = "$(LLVM_BUILD_DIR)/lib";
				OTHER_LDFLAGS = (
					"$(LLVM_LIBS)",
					"-lz",
					"-ltermcap",
				);
				PRODUCT_NAME = "$(TARGET_NAME)";
				SWIFT_OPTIMIZATION_LEVEL = "-O";
				USER_HEADER_SEARCH_PATHS = "$(LLVM_BUILD_DIR)/include $(LLVM_SOURCE_DIR)/include";
			};
			name = Release;
		};
/* End XCBuildConfiguration section */

/* Begin XCConfigurationList section */
		4697BB3F1C2FF3AC007FD167 /* Build configuration list for PBXProject "SwiftKaleidoscope" */ = {
			isa = XCConfigurationList;
			buildConfigurations = (
				4697BB491C2FF3AC007FD167 /* Debug */,
				4697BB4A1C2FF3AC007FD167 /* Release */,
			);
			defaultConfigurationIsVisible = 0;
			defaultConfigurationName = Release;
		};
		4697BB4B1C2FF3AC007FD167 /* Build configuration list for PBXNativeTarget "SwiftKaleidoscope" */ = {
			isa = XCConfigurationList;
			buildConfigurations = (
				4697BB4C1C2FF3AC007FD167 /* Debug */,
				4697BB4D1C2FF3AC007FD167 /* Release */,
			);
			defaultConfigurationIsVisible = 0;
			defaultConfigurationName = Release;
		};
/* End XCConfigurationList section */
	};
	rootObject = 4697BB3C1C2FF3AC007FD167 /* Project object */;
}
